
Microsoft Visual Studio Solution File, Format Version 12.00
# Visual Studio Version 17
VisualStudioVersion = 17.10.35027.167
MinimumVisualStudioVersion = 10.0.40219.1
Project("{888888A0-9F3D-457C-B088-3A5042F75D52}") = "Python_SNAKE", "Python_SNAKE.pyproj", "{A7531B5D-4C9F-401C-B9BE-2A1CCA2B08A3}"
EndProject
Global
	GlobalSection(SolutionConfigurationPlatforms) = preSolution
		Debug|Any CPU = Debug|Any CPU
		Release|Any CPU = Release|Any CPU
	EndGlobalSection
	GlobalSection(ProjectConfigurationPlatforms) = postSolution
		{A7531B5D-4C9F-401C-B9BE-2A1CCA2B08A3}.Debug|Any CPU.ActiveCfg = Debug|Any CPU
		{A7531B5D-4C9F-401C-B9BE-2A1CCA2B08A3}.Release|Any CPU.ActiveCfg = Release|Any CPU
	EndGlobalSection
	GlobalSection(SolutionProperties) = preSolution
		HideSolutionNode = FALSE
	EndGlobalSection
	GlobalSection(ExtensibilityGlobals) = postSolution
		SolutionGuid = {303764BE-0A89-46A0-85F4-84E54273D20E}
	EndGlobalSection
EndGlobal
